
Microsoft Visual Studio Solution File, Format Version 12.00
# Visual Studio 14
VisualStudioVersion = 14.0.25123.0
MinimumVisualStudioVersion = 10.0.40219.1
Project("{FAE04EC0-301F-11D3-BF4B-00C04F79EFBC}") = "piano", "piano\piano.csproj", "{E10AFE27-1066-4E20-88BB-DC9D82FE34AA}"
EndProject
Project("{8BC9CEB8-8B4A-11D0-8D11-00A0C91BC942}") = "org.allseen.LSF.LampState", "piano\org.allseen.LSF.LampState\org.allseen.LSF.LampState.vcxproj", "{68A18A82-8E46-427B-A5DB-0C0FB8D54A13}"
EndProject
Global
	GlobalSection(SolutionConfigurationPlatforms) = preSolution
		Debug|ARM = Debug|ARM
		Debug|x64 = Debug|x64
		Debug|x86 = Debug|x86
		Release|ARM = Release|ARM
		Release|x64 = Release|x64
		Release|x86 = Release|x86
	EndGlobalSection
	GlobalSection(ProjectConfigurationPlatforms) = postSolution
		{E10AFE27-1066-4E20-88BB-DC9D82FE34AA}.Debug|ARM.ActiveCfg = Debug|ARM
		{E10AFE27-1066-4E20-88BB-DC9D82FE34AA}.Debug|ARM.Build.0 = Debug|ARM
		{E10AFE27-1066-4E20-88BB-DC9D82FE34AA}.Debug|ARM.Deploy.0 = Debug|ARM
		{E10AFE27-1066-4E20-88BB-DC9D82FE34AA}.Debug|x64.ActiveCfg = Debug|x64
		{E10AFE27-1066-4E20-88BB-DC9D82FE34AA}.Debug|x64.Build.0 = Debug|x64
		{E10AFE27-1066-4E20-88BB-DC9D82FE34AA}.Debug|x64.Deploy.0 = Debug|x64
		{E10AFE27-1066-4E20-88BB-DC9D82FE34AA}.Debug|x86.ActiveCfg = Debug|x86
		{E10AFE27-1066-4E20-88BB-DC9D82FE34AA}.Debug|x86.Build.0 = Debug|x86
		{E10AFE27-1066-4E20-88BB-DC9D82FE34AA}.Debug|x86.Deploy.0 = Debug|x86
		{E10AFE27-1066-4E20-88BB-DC9D82FE34AA}.Release|ARM.ActiveCfg = Release|ARM
		{E10AFE27-1066-4E20-88BB-DC9D82FE34AA}.Release|ARM.Build.0 = Release|ARM
		{E10AFE27-1066-4E20-88BB-DC9D82FE34AA}.Release|ARM.Deploy.0 = Release|ARM
		{E10AFE27-1066-4E20-88BB-DC9D82FE34AA}.Release|x64.ActiveCfg = Release|x64
		{E10AFE27-1066-4E20-88BB-DC9D82FE34AA}.Release|x64.Build.0 = Release|x64
		{E10AFE27-1066-4E20-88BB-DC9D82FE34AA}.Release|x64.Deploy.0 = Release|x64
		{E10AFE27-1066-4E20-88BB-DC9D82FE34AA}.Release|x86.ActiveCfg = Release|x86
		{E10AFE27-1066-4E20-88BB-DC9D82FE34AA}.Release|x86.Build.0 = Release|x86
		{E10AFE27-1066-4E20-88BB-DC9D82FE34AA}.Release|x86.Deploy.0 = Release|x86
		{68A18A82-8E46-427B-A5DB-0C0FB8D54A13}.Debug|ARM.ActiveCfg = Debug|ARM
		{68A18A82-8E46-427B-A5DB-0C0FB8D54A13}.Debug|ARM.Build.0 = Debug|ARM
		{68A18A82-8E46-427B-A5DB-0C0FB8D54A13}.Debug|x64.ActiveCfg = Debug|x64
		{68A18A82-8E46-427B-A5DB-0C0FB8D54A13}.Debug|x64.Build.0 = Debug|x64
		{68A18A82-8E46-427B-A5DB-0C0FB8D54A13}.Debug|x86.ActiveCfg = Debug|Win32
		{68A18A82-8E46-427B-A5DB-0C0FB8D54A13}.Debug|x86.Build.0 = Debug|Win32
		{68A18A82-8E46-427B-A5DB-0C0FB8D54A13}.Release|ARM.ActiveCfg = Release|ARM
		{68A18A82-8E46-427B-A5DB-0C0FB8D54A13}.Release|ARM.Build.0 = Release|ARM
		{68A18A82-8E46-427B-A5DB-0C0FB8D54A13}.Release|x64.ActiveCfg = Release|x64
		{68A18A82-8E46-427B-A5DB-0C0FB8D54A13}.Release|x64.Build.0 = Release|x64
		{68A18A82-8E46-427B-A5DB-0C0FB8D54A13}.Release|x86.ActiveCfg = Release|Win32
		{68A18A82-8E46-427B-A5DB-0C0FB8D54A13}.Release|x86.Build.0 = Release|Win32
	EndGlobalSection
	GlobalSection(SolutionProperties) = preSolution
		HideSolutionNode = FALSE
	EndGlobalSection
EndGlobal
